
Microsoft Visual Studio Solution File, Format Version 12.00
# Visual Studio Version 17
VisualStudioVersion = 17.11.35312.102
MinimumVisualStudioVersion = 10.0.40219.1
Project("{FAE04EC0-301F-11D3-BF4B-00C04F79EFBC}") = "HostelManageentSystem", "HostelManageentSystem.csproj", "{8FC9E1AC-19BA-4584-83E3-DA72248E3826}"
EndProject
Global
	GlobalSection(SolutionConfigurationPlatforms) = preSolution
		Debug|Any CPU = Debug|Any CPU
		Release|Any CPU = Release|Any CPU
	EndGlobalSection
	GlobalSection(ProjectConfigurationPlatforms) = postSolution
		{8FC9E1AC-19BA-4584-83E3-DA72248E3826}.Debug|Any CPU.ActiveCfg = Debug|Any CPU
		{8FC9E1AC-19BA-4584-83E3-DA72248E3826}.Debug|Any CPU.Build.0 = Debug|Any CPU
		{8FC9E1AC-19BA-4584-83E3-DA72248E3826}.Release|Any CPU.ActiveCfg = Release|Any CPU
		{8FC9E1AC-19BA-4584-83E3-DA72248E3826}.Release|Any CPU.Build.0 = Release|Any CPU
	EndGlobalSection
	GlobalSection(SolutionProperties) = preSolution
		HideSolutionNode = FALSE
	EndGlobalSection
	GlobalSection(ExtensibilityGlobals) = postSolution
		SolutionGuid = {B6605CC4-1E33-4C81-903C-049B1F0D1844}
	EndGlobalSection
EndGlobal
